
Microsoft Visual Studio Solution File, Format Version 12.00
# Visual Studio Version 17
VisualStudioVersion = 17.13.35931.197 d17.13
MinimumVisualStudioVersion = 10.0.40219.1
Project("{FAE04EC0-301F-11D3-BF4B-00C04F79EFBC}") = "LibraryWeb", "LibraryWeb.csproj", "{F66D4EB0-AF63-00F5-3F06-191C90D8FFFF}"
EndProject
Global
	GlobalSection(SolutionConfigurationPlatforms) = preSolution
		Debug|Any CPU = Debug|Any CPU
		Release|Any CPU = Release|Any CPU
	EndGlobalSection
	GlobalSection(ProjectConfigurationPlatforms) = postSolution
		{F66D4EB0-AF63-00F5-3F06-191C90D8FFFF}.Debug|Any CPU.ActiveCfg = Debug|Any CPU
		{F66D4EB0-AF63-00F5-3F06-191C90D8FFFF}.Debug|Any CPU.Build.0 = Debug|Any CPU
		{F66D4EB0-AF63-00F5-3F06-191C90D8FFFF}.Release|Any CPU.ActiveCfg = Release|Any CPU
		{F66D4EB0-AF63-00F5-3F06-191C90D8FFFF}.Release|Any CPU.Build.0 = Release|Any CPU
	EndGlobalSection
	GlobalSection(SolutionProperties) = preSolution
		HideSolutionNode = FALSE
	EndGlobalSection
	GlobalSection(ExtensibilityGlobals) = postSolution
		SolutionGuid = {1BD46D56-161C-451B-B990-8D53B040F18D}
	EndGlobalSection
EndGlobal
